
Microsoft Visual Studio Solution File, Format Version 12.00
# Visual Studio Version 17
VisualStudioVersion = 17.9.34728.123
MinimumVisualStudioVersion = 10.0.40219.1
Project("{FAE04EC0-301F-11D3-BF4B-00C04F79EFBC}") = "Project3Quiz", "Project3Quiz.csproj", "{DAF890EA-72F3-4662-A55B-9B96A559B81B}"
EndProject
Global
	GlobalSection(SolutionConfigurationPlatforms) = preSolution
		Debug|Any CPU = Debug|Any CPU
		Release|Any CPU = Release|Any CPU
	EndGlobalSection
	GlobalSection(ProjectConfigurationPlatforms) = postSolution
		{DAF890EA-72F3-4662-A55B-9B96A559B81B}.Debug|Any CPU.ActiveCfg = Debug|Any CPU
		{DAF890EA-72F3-4662-A55B-9B96A559B81B}.Debug|Any CPU.Build.0 = Debug|Any CPU
		{DAF890EA-72F3-4662-A55B-9B96A559B81B}.Debug|Any CPU.Deploy.0 = Debug|Any CPU
		{DAF890EA-72F3-4662-A55B-9B96A559B81B}.Release|Any CPU.ActiveCfg = Release|Any CPU
		{DAF890EA-72F3-4662-A55B-9B96A559B81B}.Release|Any CPU.Build.0 = Release|Any CPU
		{DAF890EA-72F3-4662-A55B-9B96A559B81B}.Release|Any CPU.Deploy.0 = Release|Any CPU
	EndGlobalSection
	GlobalSection(SolutionProperties) = preSolution
		HideSolutionNode = FALSE
	EndGlobalSection
	GlobalSection(ExtensibilityGlobals) = postSolution
		SolutionGuid = {82E1F5D4-0958-4367-ACD5-55818F33ED52}
	EndGlobalSection
EndGlobal
